
Microsoft Visual Studio Solution File, Format Version 12.00
# Visual Studio 14
VisualStudioVersion = 14.0.25420.1
MinimumVisualStudioVersion = 10.0.40219.1
Project("{FAE04EC0-301F-11D3-BF4B-00C04F79EFBC}") = "BeetRootAddin", "BeetRootAddin\BeetRootAddin.csproj", "{4FD71B2D-F7A5-4E86-861C-59E0B3EF42EA}"
EndProject
Project("{FAE04EC0-301F-11D3-BF4B-00C04F79EFBC}") = "BeetRootAddinWeb", "BeetRootAddinWeb\BeetRootAddinWeb.csproj", "{B50FCF5C-F9A6-4041-9D08-C08622D65BBC}"
EndProject
Global
	GlobalSection(SolutionConfigurationPlatforms) = preSolution
		Debug|Any CPU = Debug|Any CPU
		Release|Any CPU = Release|Any CPU
	EndGlobalSection
	GlobalSection(ProjectConfigurationPlatforms) = postSolution
		{4FD71B2D-F7A5-4E86-861C-59E0B3EF42EA}.Debug|Any CPU.ActiveCfg = Debug|Any CPU
		{4FD71B2D-F7A5-4E86-861C-59E0B3EF42EA}.Debug|Any CPU.Build.0 = Debug|Any CPU
		{4FD71B2D-F7A5-4E86-861C-59E0B3EF42EA}.Debug|Any CPU.Deploy.0 = Debug|Any CPU
		{4FD71B2D-F7A5-4E86-861C-59E0B3EF42EA}.Release|Any CPU.ActiveCfg = Release|Any CPU
		{4FD71B2D-F7A5-4E86-861C-59E0B3EF42EA}.Release|Any CPU.Build.0 = Release|Any CPU
		{4FD71B2D-F7A5-4E86-861C-59E0B3EF42EA}.Release|Any CPU.Deploy.0 = Release|Any CPU
		{B50FCF5C-F9A6-4041-9D08-C08622D65BBC}.Debug|Any CPU.ActiveCfg = Debug|Any CPU
		{B50FCF5C-F9A6-4041-9D08-C08622D65BBC}.Debug|Any CPU.Build.0 = Debug|Any CPU
		{B50FCF5C-F9A6-4041-9D08-C08622D65BBC}.Release|Any CPU.ActiveCfg = Release|Any CPU
		{B50FCF5C-F9A6-4041-9D08-C08622D65BBC}.Release|Any CPU.Build.0 = Release|Any CPU
	EndGlobalSection
	GlobalSection(SolutionProperties) = preSolution
		HideSolutionNode = FALSE
	EndGlobalSection
EndGlobal
